
Microsoft Visual Studio Solution File, Format Version 12.00
# Visual Studio Version 16
VisualStudioVersion = 16.0.29020.237
MinimumVisualStudioVersion = 10.0.40219.1
Project("{FAE04EC0-301F-11D3-BF4B-00C04F79EFBC}") = "HackerRank", "HackerRank\HackerRank.csproj", "{77F26B2B-6FC8-4FA8-9B38-B7AB507000C2}"
EndProject
Project("{FAE04EC0-301F-11D3-BF4B-00C04F79EFBC}") = "HackerRank.Tests", "HackerRank.Tests\HackerRank.Tests.csproj", "{804E63C0-198E-4266-B91D-809FEC139765}"
EndProject
Global
	GlobalSection(SolutionConfigurationPlatforms) = preSolution
		Debug|Any CPU = Debug|Any CPU
		Release|Any CPU = Release|Any CPU
	EndGlobalSection
	GlobalSection(ProjectConfigurationPlatforms) = postSolution
		{77F26B2B-6FC8-4FA8-9B38-B7AB507000C2}.Debug|Any CPU.ActiveCfg = Debug|Any CPU
		{77F26B2B-6FC8-4FA8-9B38-B7AB507000C2}.Debug|Any CPU.Build.0 = Debug|Any CPU
		{77F26B2B-6FC8-4FA8-9B38-B7AB507000C2}.Release|Any CPU.ActiveCfg = Release|Any CPU
		{77F26B2B-6FC8-4FA8-9B38-B7AB507000C2}.Release|Any CPU.Build.0 = Release|Any CPU
		{804E63C0-198E-4266-B91D-809FEC139765}.Debug|Any CPU.ActiveCfg = Debug|Any CPU
		{804E63C0-198E-4266-B91D-809FEC139765}.Debug|Any CPU.Build.0 = Debug|Any CPU
		{804E63C0-198E-4266-B91D-809FEC139765}.Release|Any CPU.ActiveCfg = Release|Any CPU
		{804E63C0-198E-4266-B91D-809FEC139765}.Release|Any CPU.Build.0 = Release|Any CPU
	EndGlobalSection
	GlobalSection(SolutionProperties) = preSolution
		HideSolutionNode = FALSE
	EndGlobalSection
	GlobalSection(ExtensibilityGlobals) = postSolution
		SolutionGuid = {04094579-A2BD-41E6-B86B-054BD6143C5B}
	EndGlobalSection
EndGlobal
